
Microsoft Visual Studio Solution File, Format Version 12.00
# Visual Studio 2012
Project("{FAE04EC0-301F-11D3-BF4B-00C04F79EFBC}") = "XOXO_Droid", "XOXO_Droid\XOXO_Droid.csproj", "{369B115E-308B-496E-A94D-E4454467CDF2}"
EndProject
Global
	GlobalSection(SolutionConfigurationPlatforms) = preSolution
		Debug|Any CPU = Debug|Any CPU
		Release|Any CPU = Release|Any CPU
	EndGlobalSection
	GlobalSection(ProjectConfigurationPlatforms) = postSolution
		{369B115E-308B-496E-A94D-E4454467CDF2}.Debug|Any CPU.ActiveCfg = Debug|Any CPU
		{369B115E-308B-496E-A94D-E4454467CDF2}.Debug|Any CPU.Build.0 = Debug|Any CPU
		{369B115E-308B-496E-A94D-E4454467CDF2}.Release|Any CPU.ActiveCfg = Release|Any CPU
		{369B115E-308B-496E-A94D-E4454467CDF2}.Release|Any CPU.Build.0 = Release|Any CPU
	EndGlobalSection
	GlobalSection(MonoDevelopProperties) = preSolution
		StartupItem = XOXO_Droid\XOXO_Droid.csproj
	EndGlobalSection
EndGlobal
